
Microsoft Visual Studio Solution File, Format Version 12.00
# Visual Studio 15
VisualStudioVersion = 15.0.27130.2036
MinimumVisualStudioVersion = 10.0.40219.1
Project("{9A19103F-16F7-4668-BE54-9A1E7A4F7556}") = "SharkSync.Web", "SharkSync.Web\SharkSync.Web.csproj", "{6C619B59-A251-405E-B871-D551A5AC4152}"
EndProject
Project("{9A19103F-16F7-4668-BE54-9A1E7A4F7556}") = "SharkSync.Interfaces", "SharkSync.Repositories\SharkSync.Interfaces.csproj", "{75F8A3C9-2DA1-42F3-A7FE-A076AFC52235}"
EndProject
Project("{9A19103F-16F7-4668-BE54-9A1E7A4F7556}") = "SharkSync.DynamoDB", "SharkSync.DynamoDB\SharkSync.DynamoDB.csproj", "{CD0A1447-47F6-46FF-AD49-DEC128068B7E}"
EndProject
Project("{9A19103F-16F7-4668-BE54-9A1E7A4F7556}") = "SharkSync.Web.Api", "SharkSync.Web.Api\SharkSync.Web.Api.csproj", "{ED5CF4EB-DF76-49FE-9C60-BEA296A3744D}"
EndProject
Project("{9A19103F-16F7-4668-BE54-9A1E7A4F7556}") = "SharkSync.Web.Api.Tests", "SharkSync.Web.Api.Tests\SharkSync.Web.Api.Tests.csproj", "{EEE7969C-0243-4033-88D5-F33C4E212740}"
EndProject
Project("{2150E333-8FDC-42A3-9474-1A3956D46DE8}") = "Solution Items", "Solution Items", "{3B0B8782-5F30-4B16-A01E-86A1B8E2059E}"
	ProjectSection(SolutionItems) = preProject
		buildspec.yaml = buildspec.yaml
		cloudformation.yaml = cloudformation.yaml
		create-github-release.sh = create-github-release.sh
		Gruntfile.js = Gruntfile.js
		package.json = package.json
		README.md = README.md
		Todo.txt = Todo.txt
		upload-binary.sh = upload-binary.sh
	EndProjectSection
EndProject
Project("{9A19103F-16F7-4668-BE54-9A1E7A4F7556}") = "SharkSync.Deployment", "SharkSync.Deployment\SharkSync.Deployment.csproj", "{DD5D6B1A-DCA5-4276-B8B2-751CE8DF847D}"
EndProject
Project("{9A19103F-16F7-4668-BE54-9A1E7A4F7556}") = "SharkSync.IntegrationTests", "SharkSync.IntegrationTests\SharkSync.IntegrationTests.csproj", "{EAC2F9BD-5F95-4CB7-9635-382CBC343117}"
EndProject
Project("{9A19103F-16F7-4668-BE54-9A1E7A4F7556}") = "SharkSync.PostgreSQL", "SharkSync.PostgreSQL\SharkSync.PostgreSQL.csproj", "{3531DB1D-ECB7-4FC0-8190-7231C94BDB93}"
EndProject
Global
	GlobalSection(SolutionConfigurationPlatforms) = preSolution
		Debug|Any CPU = Debug|Any CPU
		Release|Any CPU = Release|Any CPU
	EndGlobalSection
	GlobalSection(ProjectConfigurationPlatforms) = postSolution
		{6C619B59-A251-405E-B871-D551A5AC4152}.Debug|Any CPU.ActiveCfg = Debug|Any CPU
		{6C619B59-A251-405E-B871-D551A5AC4152}.Debug|Any CPU.Build.0 = Debug|Any CPU
		{6C619B59-A251-405E-B871-D551A5AC4152}.Release|Any CPU.ActiveCfg = Release|Any CPU
		{6C619B59-A251-405E-B871-D551A5AC4152}.Release|Any CPU.Build.0 = Release|Any CPU
		{75F8A3C9-2DA1-42F3-A7FE-A076AFC52235}.Debug|Any CPU.ActiveCfg = Debug|Any CPU
		{75F8A3C9-2DA1-42F3-A7FE-A076AFC52235}.Debug|Any CPU.Build.0 = Debug|Any CPU
		{75F8A3C9-2DA1-42F3-A7FE-A076AFC52235}.Release|Any CPU.ActiveCfg = Release|Any CPU
		{75F8A3C9-2DA1-42F3-A7FE-A076AFC52235}.Release|Any CPU.Build.0 = Release|Any CPU
		{CD0A1447-47F6-46FF-AD49-DEC128068B7E}.Debug|Any CPU.ActiveCfg = Debug|Any CPU
		{CD0A1447-47F6-46FF-AD49-DEC128068B7E}.Debug|Any CPU.Build.0 = Debug|Any CPU
		{CD0A1447-47F6-46FF-AD49-DEC128068B7E}.Release|Any CPU.ActiveCfg = Release|Any CPU
		{CD0A1447-47F6-46FF-AD49-DEC128068B7E}.Release|Any CPU.Build.0 = Release|Any CPU
		{ED5CF4EB-DF76-49FE-9C60-BEA296A3744D}.Debug|Any CPU.ActiveCfg = Debug|Any CPU
		{ED5CF4EB-DF76-49FE-9C60-BEA296A3744D}.Debug|Any CPU.Build.0 = Debug|Any CPU
		{ED5CF4EB-DF76-49FE-9C60-BEA296A3744D}.Release|Any CPU.ActiveCfg = Release|Any CPU
		{ED5CF4EB-DF76-49FE-9C60-BEA296A3744D}.Release|Any CPU.Build.0 = Release|Any CPU
		{EEE7969C-0243-4033-88D5-F33C4E212740}.Debug|Any CPU.ActiveCfg = Debug|Any CPU
		{EEE7969C-0243-4033-88D5-F33C4E212740}.Debug|Any CPU.Build.0 = Debug|Any CPU
		{EEE7969C-0243-4033-88D5-F33C4E212740}.Release|Any CPU.ActiveCfg = Release|Any CPU
		{EEE7969C-0243-4033-88D5-F33C4E212740}.Release|Any CPU.Build.0 = Release|Any CPU
		{DD5D6B1A-DCA5-4276-B8B2-751CE8DF847D}.Debug|Any CPU.ActiveCfg = Debug|Any CPU
		{DD5D6B1A-DCA5-4276-B8B2-751CE8DF847D}.Debug|Any CPU.Build.0 = Debug|Any CPU
		{DD5D6B1A-DCA5-4276-B8B2-751CE8DF847D}.Release|Any CPU.ActiveCfg = Release|Any CPU
		{DD5D6B1A-DCA5-4276-B8B2-751CE8DF847D}.Release|Any CPU.Build.0 = Release|Any CPU
		{EAC2F9BD-5F95-4CB7-9635-382CBC343117}.Debug|Any CPU.ActiveCfg = Debug|Any CPU
		{EAC2F9BD-5F95-4CB7-9635-382CBC343117}.Debug|Any CPU.Build.0 = Debug|Any CPU
		{EAC2F9BD-5F95-4CB7-9635-382CBC343117}.Release|Any CPU.ActiveCfg = Release|Any CPU
		{EAC2F9BD-5F95-4CB7-9635-382CBC343117}.Release|Any CPU.Build.0 = Release|Any CPU
		{3531DB1D-ECB7-4FC0-8190-7231C94BDB93}.Debug|Any CPU.ActiveCfg = Debug|Any CPU
		{3531DB1D-ECB7-4FC0-8190-7231C94BDB93}.Debug|Any CPU.Build.0 = Debug|Any CPU
		{3531DB1D-ECB7-4FC0-8190-7231C94BDB93}.Release|Any CPU.ActiveCfg = Release|Any CPU
		{3531DB1D-ECB7-4FC0-8190-7231C94BDB93}.Release|Any CPU.Build.0 = Release|Any CPU
	EndGlobalSection
	GlobalSection(SolutionProperties) = preSolution
		HideSolutionNode = FALSE
	EndGlobalSection
	GlobalSection(ExtensibilityGlobals) = postSolution
		SolutionGuid = {A1997779-7E90-4FEF-B576-418955B82E0E}
	EndGlobalSection
EndGlobal
