
Microsoft Visual Studio Solution File, Format Version 12.00
# Visual Studio 15
VisualStudioVersion = 15.0.27130.2024
MinimumVisualStudioVersion = 10.0.40219.1
Project("{9A19103F-16F7-4668-BE54-9A1E7A4F7556}") = "SharkSync.Api", "SharkSync.Api\SharkSync.Api.csproj", "{D3EE55F0-742D-42C4-BDEB-D562F11A3AF1}"
EndProject
Project("{9A19103F-16F7-4668-BE54-9A1E7A4F7556}") = "SharkSync.Api.Tests", "SharkSync.Api.Tests\SharkSync.Api.Tests.csproj", "{4FA40E1B-59F8-4DAA-827C-FCDBB3E086FF}"
EndProject
Project("{9A19103F-16F7-4668-BE54-9A1E7A4F7556}") = "SharkTank.Web", "SharkTank.Web\SharkTank.Web.csproj", "{6C619B59-A251-405E-B871-D551A5AC4152}"
EndProject
Project("{FAE04EC0-301F-11D3-BF4B-00C04F79EFBC}") = "SharkTank.Scale", "SharkTank.Scale\SharkTank.Scale.csproj", "{972CD3D2-5156-4F19-9B1E-0F69B43CCDFB}"
EndProject
Global
	GlobalSection(SolutionConfigurationPlatforms) = preSolution
		Debug|Any CPU = Debug|Any CPU
		Release|Any CPU = Release|Any CPU
	EndGlobalSection
	GlobalSection(ProjectConfigurationPlatforms) = postSolution
		{D3EE55F0-742D-42C4-BDEB-D562F11A3AF1}.Debug|Any CPU.ActiveCfg = Debug|Any CPU
		{D3EE55F0-742D-42C4-BDEB-D562F11A3AF1}.Debug|Any CPU.Build.0 = Debug|Any CPU
		{D3EE55F0-742D-42C4-BDEB-D562F11A3AF1}.Release|Any CPU.ActiveCfg = Release|Any CPU
		{D3EE55F0-742D-42C4-BDEB-D562F11A3AF1}.Release|Any CPU.Build.0 = Release|Any CPU
		{4FA40E1B-59F8-4DAA-827C-FCDBB3E086FF}.Debug|Any CPU.ActiveCfg = Debug|Any CPU
		{4FA40E1B-59F8-4DAA-827C-FCDBB3E086FF}.Debug|Any CPU.Build.0 = Debug|Any CPU
		{4FA40E1B-59F8-4DAA-827C-FCDBB3E086FF}.Release|Any CPU.ActiveCfg = Release|Any CPU
		{4FA40E1B-59F8-4DAA-827C-FCDBB3E086FF}.Release|Any CPU.Build.0 = Release|Any CPU
		{6C619B59-A251-405E-B871-D551A5AC4152}.Debug|Any CPU.ActiveCfg = Debug|Any CPU
		{6C619B59-A251-405E-B871-D551A5AC4152}.Debug|Any CPU.Build.0 = Debug|Any CPU
		{6C619B59-A251-405E-B871-D551A5AC4152}.Release|Any CPU.ActiveCfg = Release|Any CPU
		{6C619B59-A251-405E-B871-D551A5AC4152}.Release|Any CPU.Build.0 = Release|Any CPU
		{972CD3D2-5156-4F19-9B1E-0F69B43CCDFB}.Debug|Any CPU.ActiveCfg = Debug|Any CPU
		{972CD3D2-5156-4F19-9B1E-0F69B43CCDFB}.Debug|Any CPU.Build.0 = Debug|Any CPU
		{972CD3D2-5156-4F19-9B1E-0F69B43CCDFB}.Release|Any CPU.ActiveCfg = Release|Any CPU
		{972CD3D2-5156-4F19-9B1E-0F69B43CCDFB}.Release|Any CPU.Build.0 = Release|Any CPU
	EndGlobalSection
	GlobalSection(SolutionProperties) = preSolution
		HideSolutionNode = FALSE
	EndGlobalSection
	GlobalSection(ExtensibilityGlobals) = postSolution
		SolutionGuid = {A1997779-7E90-4FEF-B576-418955B82E0E}
	EndGlobalSection
EndGlobal
