
Microsoft Visual Studio Solution File, Format Version 12.00
# Visual Studio 14
VisualStudioVersion = 14.0.25420.1
MinimumVisualStudioVersion = 10.0.40219.1
Project("{8BB2217D-0F2D-49D1-97BC-3654ED321F3B}") = "AWSServerless", "AWSServerless\AWSServerless\AWSServerless.xproj", "{44F278A0-505F-464A-97DF-5496031EDBA4}"
EndProject
Project("{8BB2217D-0F2D-49D1-97BC-3654ED321F3B}") = "AWSServerless.Tests", "AWSServerless\AWSServerless.Tests\AWSServerless.Tests.xproj", "{97568567-F351-4C24-99DD-1E65BE8F39BA}"
EndProject
Global
	GlobalSection(SolutionConfigurationPlatforms) = preSolution
		Debug|Any CPU = Debug|Any CPU
		Release|Any CPU = Release|Any CPU
	EndGlobalSection
	GlobalSection(ProjectConfigurationPlatforms) = postSolution
		{44F278A0-505F-464A-97DF-5496031EDBA4}.Debug|Any CPU.ActiveCfg = Debug|Any CPU
		{44F278A0-505F-464A-97DF-5496031EDBA4}.Debug|Any CPU.Build.0 = Debug|Any CPU
		{44F278A0-505F-464A-97DF-5496031EDBA4}.Release|Any CPU.ActiveCfg = Release|Any CPU
		{44F278A0-505F-464A-97DF-5496031EDBA4}.Release|Any CPU.Build.0 = Release|Any CPU
		{97568567-F351-4C24-99DD-1E65BE8F39BA}.Debug|Any CPU.ActiveCfg = Debug|Any CPU
		{97568567-F351-4C24-99DD-1E65BE8F39BA}.Debug|Any CPU.Build.0 = Debug|Any CPU
		{97568567-F351-4C24-99DD-1E65BE8F39BA}.Release|Any CPU.ActiveCfg = Release|Any CPU
		{97568567-F351-4C24-99DD-1E65BE8F39BA}.Release|Any CPU.Build.0 = Release|Any CPU
	EndGlobalSection
	GlobalSection(SolutionProperties) = preSolution
		HideSolutionNode = FALSE
	EndGlobalSection
EndGlobal
